
Microsoft Visual Studio Solution File, Format Version 12.00
# Visual Studio 15
VisualStudioVersion = 15.0.28010.2003
MinimumVisualStudioVersion = 10.0.40219.1
Project("{FAE04EC0-301F-11D3-BF4B-00C04F79EFBC}") = "ConsoleApp2", "ConsoleApp2\ConsoleApp2.csproj", "{E1FF21F3-7131-4808-BB51-FF90EB4D23BC}"
EndProject
Global
	GlobalSection(SolutionConfigurationPlatforms) = preSolution
		Debug|Any CPU = Debug|Any CPU
		Release|Any CPU = Release|Any CPU
	EndGlobalSection
	GlobalSection(ProjectConfigurationPlatforms) = postSolution
		{E1FF21F3-7131-4808-BB51-FF90EB4D23BC}.Debug|Any CPU.ActiveCfg = Debug|Any CPU
		{E1FF21F3-7131-4808-BB51-FF90EB4D23BC}.Debug|Any CPU.Build.0 = Debug|Any CPU
		{E1FF21F3-7131-4808-BB51-FF90EB4D23BC}.Release|Any CPU.ActiveCfg = Release|Any CPU
		{E1FF21F3-7131-4808-BB51-FF90EB4D23BC}.Release|Any CPU.Build.0 = Release|Any CPU
	EndGlobalSection
	GlobalSection(SolutionProperties) = preSolution
		HideSolutionNode = FALSE
	EndGlobalSection
	GlobalSection(ExtensibilityGlobals) = postSolution
		SolutionGuid = {41C1F3C9-A31D-4713-9876-C8900F7B74CE}
	EndGlobalSection
EndGlobal
